{
    "_meta": {
        "hash": {
            "sha256": "73f47abc3e06dd173e9dd1988894a5bc41de4e9fbfc50fe32db95e80818e1125"
        },
        "pipfile-spec": 6,
        "requires": {
            "python_version": ">=3.5"
        },
        "sources": [
            {
                "name": "pypi",
                "url": "https://pypi.org/simple",
                "verify_ssl": true
            }
        ]
    },
    "default": {
        "backoff": {
            "hashes": [
                "sha256:c7187f15339e775aec926dc6e5e42f8a3ad7d3c2b9a6ecae7b535000f70cd838",
                "sha256:d340bb6f36d025c04214b8925112d8456970e5f28dda46e4f1133bf5c622cb0a"
            ],
            "version": "==1.8.0"
        },
        "boto3": {
            "hashes": [
                "sha256:13d90ebe4d41e1717d7cc015e983370aadba2995a2af30695f29b69f196e82fc",
                "sha256:e50edae8ccb630dc1950332764c6b462a9550663a3d71c00f898280f1446f107"
            ],
            "index": "pypi",
            "version": "==1.9.247"
        },
        "botocore": {
            "hashes": [
                "sha256:76ff516cfbe5c9f2ac4eb8bb5d8945bc7354d4898f2609ad32080efc9ecea751",
                "sha256:fa425f3e24bb17a357a297532b253a7353a496f2be7b7a5c3fc1dd7419de259d"
            ],
            "version": "==1.12.247"
        },
        "certifi": {
            "hashes": [
                "sha256:e4f3620cfea4f83eedc95b24abd9cd56f3c4b146dd0177e83a21b4eb49e21e50",
                "sha256:fd7c7c74727ddcf00e9acd26bba8da604ffec95bf1c2144e67aff7a8b50e6cef"
            ],
            "version": "==2019.9.11"
        },
        "chardet": {
            "hashes": [
                "sha256:84ab92ed1c4d4f16916e05906b6b75a6c0fb5db821cc65e70cbd64a3e2a5eaae",
                "sha256:fc323ffcaeaed0e0a02bf4d117757b98aed530d9ed4531e3e15460124c106691"
            ],
            "version": "==3.0.4"
        },
        "defusedxml": {
            "hashes": [
                "sha256:24d7f2f94f7f3cb6061acb215685e5125fbcdc40a857eff9de22518820b0a4f4",
                "sha256:702a91ade2968a82beb0db1e0766a6a273f33d4616a6ce8cde475d8e09853b20"
            ],
            "version": "==0.5.0"
        },
        "docutils": {
            "hashes": [
                "sha256:6c4f696463b79f1fb8ba0c594b63840ebd41f059e92b31957c46b74a4599b6d0",
                "sha256:9e4d7ecfc600058e07ba661411a2b7de2fd0fafa17d1a7f7361cd47b1175c827",
                "sha256:a2aeea129088da402665e92e0b25b04b073c04b2dce4ab65caaa38b7ce2e1a99"
            ],
            "version": "==0.15.2"
        },
        "entrypoints": {
            "hashes": [
                "sha256:589f874b313739ad35be6e0cd7efde2a4e9b6fea91edcc34e58ecbb8dbe56d19",
                "sha256:c70dd71abe5a8c85e55e12c19bd91ccfeec11a6e99044204511f9ed547d48451"
            ],
            "version": "==0.3"
        },
        "idna": {
            "hashes": [
                "sha256:156a6814fb5ac1fc6850fb002e0852d56c0c8d2531923a51032d1b70760e186e",
                "sha256:684a38a6f903c1d71d6d5fac066b58d7768af4de2b832e426ec79c30daa94a16"
            ],
            "version": "==2.7"
        },
        "ipify": {
            "hashes": [
                "sha256:9941659b9a89a09478b491ec355446b97b8dec1770e317dd56b4c26bbab50840",
                "sha256:e0d486997e484adbf49008a22b4b5370f675320100ab1af4aaba7e3070fb5d35"
            ],
            "index": "pypi",
            "version": "==1.0.0"
        },
        "jmespath": {
            "hashes": [
                "sha256:3720a4b1bd659dd2eecad0666459b9788813e032b83e7ba58578e48254e0a0e6",
                "sha256:bde2aef6f44302dfb30320115b17d030798de8c4110e28d5cf6cf91a7a31074c"
            ],
            "version": "==0.9.4"
        },
        "keyring": {
            "hashes": [
                "sha256:91037ccaf0c9a112a76f7740e4a416b9457a69b66c2799421581bee710a974b3",
                "sha256:f5bb20ea6c57c2360daf0c591931c9ea0d7660a8d9e32ca84d63273f131ea605"
            ],
            "index": "pypi",
            "version": "==19.2.0"
        },
        "onelogin": {
            "hashes": [
                "sha256:19f9d06963a9f57ce1f24353a4e1a732d31d5e3522a99c10854bf6f79189d006",
                "sha256:1cc1a73eee6c5aceaa52bc973974fce4ad6f4dc1d6a97da089f352258203a89d",
                "sha256:fc8f0cf3c5797d794de90235b06b8cbd0084638f9251b93e83c337572f06b5de"
            ],
            "index": "pypi",
            "version": "==1.8.1"
        },
        "python-dateutil": {
            "hashes": [
                "sha256:1adb80e7a782c12e52ef9a8182bebeb73f1d7e24e374397af06fb4956c8dc5c0",
                "sha256:e27001de32f627c22380a688bcc43ce83504a7bc5da472209b4c70f02829f0b8"
            ],
            "markers": "python_version >= '2.7'",
            "version": "==2.7.3"
        },
        "requests": {
            "hashes": [
                "sha256:65b3a120e4329e33c9889db89c80976c5272f56ea92d3e74da8a463992e3ff54",
                "sha256:ea881206e59f41dbd0bd445437d792e43906703fff75ca8ff43ccdb11f33f263"
            ],
            "index": "pypi",
            "version": "==2.20.1"
        },
        "s3transfer": {
            "hashes": [
                "sha256:6efc926738a3cd576c2a79725fed9afde92378aa5c6a957e3af010cb019fac9d",
                "sha256:b780f2411b824cb541dbcd2c713d0cb61c7d1bcadae204cdddda2b35cef493ba"
            ],
            "version": "==0.2.1"
        },
        "six": {
            "hashes": [
                "sha256:3350809f0555b11f552448330d0b52d5f24c91a322ea4a15ef22629740f3761c",
                "sha256:d16a0141ec1a18405cd4ce8b4613101da75da0e9a7aec5bdd4fa804d0e0eba73"
            ],
            "version": "==1.12.0"
        },
        "urllib3": {
            "hashes": [
                "sha256:2393a695cd12afedd0dcb26fe5d50d0cf248e5a66f75dbd89a3d4eb333a61af4",
                "sha256:a637e5fae88995b256e3409dc4d52c2e2e0ba32c42a6365fee8bbd2238de3cfb"
            ],
            "index": "pypi",
            "version": "==1.24.3"
        }
    },
    "develop": {}
}
